
Microsoft Visual Studio Solution File, Format Version 12.00
# Visual Studio Version 16
VisualStudioVersion = 16.0.29201.188
MinimumVisualStudioVersion = 10.0.40219.1
Project("{FAE04EC0-301F-11D3-BF4B-00C04F79EFBC}") = "GradeZ", "GradeZ\GradeZ.csproj", "{7DAB14EE-BBA2-41AD-9B75-26F462E3AFAD}"
EndProject
Project("{9A19103F-16F7-4668-BE54-9A1E7A4F7556}") = "TestReflection", "..\..\..\source\repos\TestReflection\TestReflection\TestReflection.csproj", "{2B5F519D-F868-4DDA-8EA3-2E60B56624DC}"
EndProject
Project("{FAE04EC0-301F-11D3-BF4B-00C04F79EFBC}") = "ConsoleApp1", "ConsoleApp1\ConsoleApp1.csproj", "{8C2ECFFD-E946-4661-95E8-6EDFD8CC4D26}"
EndProject
Global
	GlobalSection(SolutionConfigurationPlatforms) = preSolution
		Debug|Any CPU = Debug|Any CPU
		Release|Any CPU = Release|Any CPU
	EndGlobalSection
	GlobalSection(ProjectConfigurationPlatforms) = postSolution
		{7DAB14EE-BBA2-41AD-9B75-26F462E3AFAD}.Debug|Any CPU.ActiveCfg = Debug|Any CPU
		{7DAB14EE-BBA2-41AD-9B75-26F462E3AFAD}.Debug|Any CPU.Build.0 = Debug|Any CPU
		{7DAB14EE-BBA2-41AD-9B75-26F462E3AFAD}.Release|Any CPU.ActiveCfg = Release|Any CPU
		{7DAB14EE-BBA2-41AD-9B75-26F462E3AFAD}.Release|Any CPU.Build.0 = Release|Any CPU
		{2B5F519D-F868-4DDA-8EA3-2E60B56624DC}.Debug|Any CPU.ActiveCfg = Debug|Any CPU
		{2B5F519D-F868-4DDA-8EA3-2E60B56624DC}.Debug|Any CPU.Build.0 = Debug|Any CPU
		{2B5F519D-F868-4DDA-8EA3-2E60B56624DC}.Release|Any CPU.ActiveCfg = Release|Any CPU
		{2B5F519D-F868-4DDA-8EA3-2E60B56624DC}.Release|Any CPU.Build.0 = Release|Any CPU
		{8C2ECFFD-E946-4661-95E8-6EDFD8CC4D26}.Debug|Any CPU.ActiveCfg = Debug|Any CPU
		{8C2ECFFD-E946-4661-95E8-6EDFD8CC4D26}.Debug|Any CPU.Build.0 = Debug|Any CPU
		{8C2ECFFD-E946-4661-95E8-6EDFD8CC4D26}.Release|Any CPU.ActiveCfg = Release|Any CPU
		{8C2ECFFD-E946-4661-95E8-6EDFD8CC4D26}.Release|Any CPU.Build.0 = Release|Any CPU
	EndGlobalSection
	GlobalSection(SolutionProperties) = preSolution
		HideSolutionNode = FALSE
	EndGlobalSection
	GlobalSection(ExtensibilityGlobals) = postSolution
		SolutionGuid = {E6561F91-1B76-4693-888A-786875837805}
	EndGlobalSection
EndGlobal
